// !$*UTF8*$!
{
	archiveVersion = 1;
	classes = {
	};
	objectVersion = 46;
	objects = {

/* Begin PBXBuildFile section */
		B6912E1D1F1E78330095CDF4 /* LaunchViewController.swift in Sources */ = {isa = PBXBuildFile; fileRef = B6912E1C1F1E78330095CDF4 /* LaunchViewController.swift */; };
		B6912E1F1F1E884D0095CDF4 /* Koala.sks in Resources */ = {isa = PBXBuildFile; fileRef = B6912E1E1F1E884D0095CDF4 /* Koala.sks */; };
		B6912E221F1E89220095CDF4 /* Wave.sks in Resources */ = {isa = PBXBuildFile; fileRef = B6912E211F1E89220095CDF4 /* Wave.sks */; };
		B6912E241F1E97DA0095CDF4 /* StartWalkViewController.swift in Sources */ = {isa = PBXBuildFile; fileRef = B6912E231F1E97DA0095CDF4 /* StartWalkViewController.swift */; };
		B695E8691F1E514B00F0ED9E /* AppDelegate.swift in Sources */ = {isa = PBXBuildFile; fileRef = B695E8681F1E514B00F0ED9E /* AppDelegate.swift */; };
		B695E86E1F1E514B00F0ED9E /* Main.storyboard in Resources */ = {isa = PBXBuildFile; fileRef = B695E86C1F1E514B00F0ED9E /* Main.storyboard */; };
		B695E8701F1E514B00F0ED9E /* Assets.xcassets in Resources */ = {isa = PBXBuildFile; fileRef = B695E86F1F1E514B00F0ED9E /* Assets.xcassets */; };
/* End PBXBuildFile section */

/* Begin PBXFileReference section */
		B6912E1C1F1E78330095CDF4 /* LaunchViewController.swift */ = {isa = PBXFileReference; fileEncoding = 4; lastKnownFileType = sourcecode.swift; path = LaunchViewController.swift; sourceTree = "<group>"; };
		B6912E1E1F1E884D0095CDF4 /* Koala.sks */ = {isa = PBXFileReference; lastKnownFileType = file.sks; path = Koala.sks; sourceTree = "<group>"; };
		B6912E211F1E89220095CDF4 /* Wave.sks */ = {isa = PBXFileReference; lastKnownFileType = file.sks; path = Wave.sks; sourceTree = "<group>"; };
		B6912E231F1E97DA0095CDF4 /* StartWalkViewController.swift */ = {isa = PBXFileReference; fileEncoding = 4; lastKnownFileType = sourcecode.swift; path = StartWalkViewController.swift; sourceTree = "<group>"; };
		B695E8651F1E514B00F0ED9E /* Koala Buddy.app */ = {isa = PBXFileReference; explicitFileType = wrapper.application; includeInIndex = 0; path = "Koala Buddy.app"; sourceTree = BUILT_PRODUCTS_DIR; };
		B695E8681F1E514B00F0ED9E /* AppDelegate.swift */ = {isa = PBXFileReference; lastKnownFileType = sourcecode.swift; path = AppDelegate.swift; sourceTree = "<group>"; };
		B695E86D1F1E514B00F0ED9E /* Base */ = {isa = PBXFileReference; lastKnownFileType = file.storyboard; name = Base; path = Base.lproj/Main.storyboard; sourceTree = "<group>"; };
		B695E86F1F1E514B00F0ED9E /* Assets.xcassets */ = {isa = PBXFileReference; lastKnownFileType = folder.assetcatalog; path = Assets.xcassets; sourceTree = "<group>"; };
		B695E8741F1E514B00F0ED9E /* Info.plist */ = {isa = PBXFileReference; lastKnownFileType = text.plist.xml; path = Info.plist; sourceTree = "<group>"; };
/* End PBXFileReference section */

/* Begin PBXFrameworksBuildPhase section */
		B695E8621F1E514B00F0ED9E /* Frameworks */ = {
			isa = PBXFrameworksBuildPhase;
			buildActionMask = 2147483647;
			files = (
			);
			runOnlyForDeploymentPostprocessing = 0;
		};
/* End PBXFrameworksBuildPhase section */

/* Begin PBXGroup section */
		B695E85C1F1E514B00F0ED9E = {
			isa = PBXGroup;
			children = (
				B6912E211F1E89220095CDF4 /* Wave.sks */,
				B695E8671F1E514B00F0ED9E /* Koala Buddy */,
				B695E8661F1E514B00F0ED9E /* Products */,
			);
			sourceTree = "<group>";
		};
		B695E8661F1E514B00F0ED9E /* Products */ = {
			isa = PBXGroup;
			children = (
				B695E8651F1E514B00F0ED9E /* Koala Buddy.app */,
			);
			name = Products;
			sourceTree = "<group>";
		};
		B695E8671F1E514B00F0ED9E /* Koala Buddy */ = {
			isa = PBXGroup;
			children = (
				B695E8681F1E514B00F0ED9E /* AppDelegate.swift */,
				B6912E1E1F1E884D0095CDF4 /* Koala.sks */,
				B695E87D1F1E5B6000F0ED9E /* Storyboards */,
				B695E86F1F1E514B00F0ED9E /* Assets.xcassets */,
				B695E8741F1E514B00F0ED9E /* Info.plist */,
				B695E87C1F1E5B4000F0ED9E /* Controllers */,
				B6912E1C1F1E78330095CDF4 /* LaunchViewController.swift */,
				B6912E231F1E97DA0095CDF4 /* StartWalkViewController.swift */,
			);
			path = "Koala Buddy";
			sourceTree = "<group>";
		};
		B695E87C1F1E5B4000F0ED9E /* Controllers */ = {
			isa = PBXGroup;
			children = (
			);
			name = Controllers;
			sourceTree = "<group>";
		};
		B695E87D1F1E5B6000F0ED9E /* Storyboards */ = {
			isa = PBXGroup;
			children = (
				B695E86C1F1E514B00F0ED9E /* Main.storyboard */,
			);
			name = Storyboards;
			sourceTree = "<group>";
		};
/* End PBXGroup section */

/* Begin PBXNativeTarget section */
		B695E8641F1E514B00F0ED9E /* Koala Buddy */ = {
			isa = PBXNativeTarget;
			buildConfigurationList = B695E8771F1E514B00F0ED9E /* Build configuration list for PBXNativeTarget "Koala Buddy" */;
			buildPhases = (
				B695E8611F1E514B00F0ED9E /* Sources */,
				B695E8621F1E514B00F0ED9E /* Frameworks */,
				B695E8631F1E514B00F0ED9E /* Resources */,
			);
			buildRules = (
			);
			dependencies = (
			);
			name = "Koala Buddy";
			productName = "Koala Buddy";
			productReference = B695E8651F1E514B00F0ED9E /* Koala Buddy.app */;
			productType = "com.apple.product-type.application";
		};
/* End PBXNativeTarget section */

/* Begin PBXProject section */
		B695E85D1F1E514B00F0ED9E /* Project object */ = {
			isa = PBXProject;
			attributes = {
				LastSwiftUpdateCheck = 0830;
				LastUpgradeCheck = 0830;
				ORGANIZATIONNAME = "Zaya Gooding";
				TargetAttributes = {
					B695E8641F1E514B00F0ED9E = {
						CreatedOnToolsVersion = 8.3.3;
						DevelopmentTeam = DS2L2HK79J;
						ProvisioningStyle = Automatic;
					};
				};
			};
			buildConfigurationList = B695E8601F1E514B00F0ED9E /* Build configuration list for PBXProject "Koala Buddy" */;
			compatibilityVersion = "Xcode 3.2";
			developmentRegion = English;
			hasScannedForEncodings = 0;
			knownRegions = (
				en,
				Base,
			);
			mainGroup = B695E85C1F1E514B00F0ED9E;
			productRefGroup = B695E8661F1E514B00F0ED9E /* Products */;
			projectDirPath = "";
			projectRoot = "";
			targets = (
				B695E8641F1E514B00F0ED9E /* Koala Buddy */,
			);
		};
/* End PBXProject section */

/* Begin PBXResourcesBuildPhase section */
		B695E8631F1E514B00F0ED9E /* Resources */ = {
			isa = PBXResourcesBuildPhase;
			buildActionMask = 2147483647;
			files = (
				B695E8701F1E514B00F0ED9E /* Assets.xcassets in Resources */,
				B6912E221F1E89220095CDF4 /* Wave.sks in Resources */,
				B695E86E1F1E514B00F0ED9E /* Main.storyboard in Resources */,
				B6912E1F1F1E884D0095CDF4 /* Koala.sks in Resources */,
			);
			runOnlyForDeploymentPostprocessing = 0;
		};
/* End PBXResourcesBuildPhase section */

/* Begin PBXSourcesBuildPhase section */
		B695E8611F1E514B00F0ED9E /* Sources */ = {
			isa = PBXSourcesBuildPhase;
			buildActionMask = 2147483647;
			files = (
				B695E8691F1E514B00F0ED9E /* AppDelegate.swift in Sources */,
				B6912E241F1E97DA0095CDF4 /* StartWalkViewController.swift in Sources */,
				B6912E1D1F1E78330095CDF4 /* LaunchViewController.swift in Sources */,
			);
			runOnlyForDeploymentPostprocessing = 0;
		};
/* End PBXSourcesBuildPhase section */

/* Begin PBXVariantGroup section */
		B695E86C1F1E514B00F0ED9E /* Main.storyboard */ = {
			isa = PBXVariantGroup;
			children = (
				B695E86D1F1E514B00F0ED9E /* Base */,
			);
			name = Main.storyboard;
			sourceTree = "<group>";
		};
/* End PBXVariantGroup section */

/* Begin XCBuildConfiguration section */
		B695E8751F1E514B00F0ED9E /* Debug */ = {
			isa = XCBuildConfiguration;
			buildSettings = {
				ALWAYS_SEARCH_USER_PATHS = NO;
				CLANG_ANALYZER_NONNULL = YES;
				CLANG_ANALYZER_NUMBER_OBJECT_CONVERSION = YES_AGGRESSIVE;
				CLANG_CXX_LANGUAGE_STANDARD = "gnu++0x";
				CLANG_CXX_LIBRARY = "libc++";
				CLANG_ENABLE_MODULES = YES;
				CLANG_ENABLE_OBJC_ARC = YES;
				CLANG_WARN_BOOL_CONVERSION = YES;
				CLANG_WARN_CONSTANT_CONVERSION = YES;
				CLANG_WARN_DIRECT_OBJC_ISA_USAGE = YES_ERROR;
				CLANG_WARN_DOCUMENTATION_COMMENTS = YES;
				CLANG_WARN_EMPTY_BODY = YES;
				CLANG_WARN_ENUM_CONVERSION = YES;
				CLANG_WARN_INFINITE_RECURSION = YES;
				CLANG_WARN_INT_CONVERSION = YES;
				CLANG_WARN_OBJC_ROOT_CLASS = YES_ERROR;
				CLANG_WARN_SUSPICIOUS_MOVE = YES;
				CLANG_WARN_UNREACHABLE_CODE = YES;
				CLANG_WARN__DUPLICATE_METHOD_MATCH = YES;
				"CODE_SIGN_IDENTITY[sdk=iphoneos*]" = "iPhone Developer";
				COPY_PHASE_STRIP = NO;
				DEBUG_INFORMATION_FORMAT = dwarf;
				ENABLE_STRICT_OBJC_MSGSEND = YES;
				ENABLE_TESTABILITY = YES;
				GCC_C_LANGUAGE_STANDARD = gnu99;
				GCC_DYNAMIC_NO_PIC = NO;
				GCC_NO_COMMON_BLOCKS = YES;
				GCC_OPTIMIZATION_LEVEL = 0;
				GCC_PREPROCESSOR_DEFINITIONS = (
					"DEBUG=1",
					"$(inherited)",
				);
				GCC_WARN_64_TO_32_BIT_CONVERSION = YES;
				GCC_WARN_ABOUT_RETURN_TYPE = YES_ERROR;
				GCC_WARN_UNDECLARED_SELECTOR = YES;
				GCC_WARN_UNINITIALIZED_AUTOS = YES_AGGRESSIVE;
				GCC_WARN_UNUSED_FUNCTION = YES;
				GCC_WARN_UNUSED_VARIABLE = YES;
				IPHONEOS_DEPLOYMENT_TARGET = 10.3;
				MTL_ENABLE_DEBUG_INFO = YES;
				ONLY_ACTIVE_ARCH = YES;
				SDKROOT = iphoneos;
				SWIFT_ACTIVE_COMPILATION_CONDITIONS = DEBUG;
				SWIFT_OPTIMIZATION_LEVEL = "-Onone";
			};
			name = Debug;
		};
		B695E8761F1E514B00F0ED9E /* Release */ = {
			isa = XCBuildConfiguration;
			buildSettings = {
				ALWAYS_SEARCH_USER_PATHS = NO;
				CLANG_ANALYZER_NONNULL = YES;
				CLANG_ANALYZER_NUMBER_OBJECT_CONVERSION = YES_AGGRESSIVE;
				CLANG_CXX_LANGUAGE_STANDARD = "gnu++0x";
				CLANG_CXX_LIBRARY = "libc++";
				CLANG_ENABLE_MODULES = YES;
				CLANG_ENABLE_OBJC_ARC = YES;
				CLANG_WARN_BOOL_CONVERSION = YES;
				CLANG_WARN_CONSTANT_CONVERSION = YES;
				CLANG_WARN_DIRECT_OBJC_ISA_USAGE = YES_ERROR;
				CLANG_WARN_DOCUMENTATION_COMMENTS = YES;
				CLANG_WARN_EMPTY_BODY = YES;
				CLANG_WARN_ENUM_CONVERSION = YES;
				CLANG_WARN_INFINITE_RECURSION = YES;
				CLANG_WARN_INT_CONVERSION = YES;
				CLANG_WARN_OBJC_ROOT_CLASS = YES_ERROR;
				CLANG_WARN_SUSPICIOUS_MOVE = YES;
				CLANG_WARN_UNREACHABLE_CODE = YES;
				CLANG_WARN__DUPLICATE_METHOD_MATCH = YES;
				"CODE_SIGN_IDENTITY[sdk=iphoneos*]" = "iPhone Developer";
				COPY_PHASE_STRIP = NO;
				DEBUG_INFORMATION_FORMAT = "dwarf-with-dsym";
				ENABLE_NS_ASSERTIONS = NO;
				ENABLE_STRICT_OBJC_MSGSEND = YES;
				GCC_C_LANGUAGE_STANDARD = gnu99;
				GCC_NO_COMMON_BLOCKS = YES;
				GCC_WARN_64_TO_32_BIT_CONVERSION = YES;
				GCC_WARN_ABOUT_RETURN_TYPE = YES_ERROR;
				GCC_WARN_UNDECLARED_SELECTOR = YES;
				GCC_WARN_UNINITIALIZED_AUTOS = YES_AGGRESSIVE;
				GCC_WARN_UNUSED_FUNCTION = YES;
				GCC_WARN_UNUSED_VARIABLE = YES;
				IPHONEOS_DEPLOYMENT_TARGET = 10.3;
				MTL_ENABLE_DEBUG_INFO = NO;
				SDKROOT = iphoneos;
				SWIFT_OPTIMIZATION_LEVEL = "-Owholemodule";
				VALIDATE_PRODUCT = YES;
			};
			name = Release;
		};
		B695E8781F1E514B00F0ED9E /* Debug */ = {
			isa = XCBuildConfiguration;
			buildSettings = {
				ASSETCATALOG_COMPILER_APPICON_NAME = AppIcon;
				DEVELOPMENT_TEAM = DS2L2HK79J;
				INFOPLIST_FILE = "Koala Buddy/Info.plist";
				LD_RUNPATH_SEARCH_PATHS = "$(inherited) @executable_path/Frameworks";
				PRODUCT_BUNDLE_IDENTIFIER = "zayalachanze.Koala-Buddy";
				PRODUCT_NAME = "$(TARGET_NAME)";
				SWIFT_VERSION = 3.0;
			};
			name = Debug;
		};
		B695E8791F1E514B00F0ED9E /* Release */ = {
			isa = XCBuildConfiguration;
			buildSettings = {
				ASSETCATALOG_COMPILER_APPICON_NAME = AppIcon;
				DEVELOPMENT_TEAM = DS2L2HK79J;
				INFOPLIST_FILE = "Koala Buddy/Info.plist";
				LD_RUNPATH_SEARCH_PATHS = "$(inherited) @executable_path/Frameworks";
				PRODUCT_BUNDLE_IDENTIFIER = "zayalachanze.Koala-Buddy";
				PRODUCT_NAME = "$(TARGET_NAME)";
				SWIFT_VERSION = 3.0;
			};
			name = Release;
		};
/* End XCBuildConfiguration section */

/* Begin XCConfigurationList section */
		B695E8601F1E514B00F0ED9E /* Build configuration list for PBXProject "Koala Buddy" */ = {
			isa = XCConfigurationList;
			buildConfigurations = (
				B695E8751F1E514B00F0ED9E /* Debug */,
				B695E8761F1E514B00F0ED9E /* Release */,
			);
			defaultConfigurationIsVisible = 0;
			defaultConfigurationName = Release;
		};
		B695E8771F1E514B00F0ED9E /* Build configuration list for PBXNativeTarget "Koala Buddy" */ = {
			isa = XCConfigurationList;
			buildConfigurations = (
				B695E8781F1E514B00F0ED9E /* Debug */,
				B695E8791F1E514B00F0ED9E /* Release */,
			);
			defaultConfigurationIsVisible = 0;
			defaultConfigurationName = Release;
		};
/* End XCConfigurationList section */
	};
	rootObject = B695E85D1F1E514B00F0ED9E /* Project object */;
}
